
Microsoft Visual Studio Solution File, Format Version 12.00
# Visual Studio Version 16
VisualStudioVersion = 16.0.30114.105
MinimumVisualStudioVersion = 10.0.40219.1
Project("{2150E333-8FDC-42A3-9474-1A3956D46DE8}") = "sources", "sources", "{1F9F4560-CA0F-477A-B8F6-AA8072ADA27C}"
EndProject
Project("{FAE04EC0-301F-11D3-BF4B-00C04F79EFBC}") = "ECSharp", "sources\ECS\ECSharp.csproj", "{34B323D4-5CDE-4761-B036-C726F824B95E}"
EndProject
Project("{FAE04EC0-301F-11D3-BF4B-00C04F79EFBC}") = "ECSharp.Test", "sources\ECSharp.Test\ECSharp.Test.csproj", "{E446B83D-8E62-40D9-BCA9-DE8ADB0178BD}"
EndProject
Project("{FAE04EC0-301F-11D3-BF4B-00C04F79EFBC}") = "ECSharp.Benchmark", "sources\ECSharp.Benchmark\ECSharp.Benchmark.csproj", "{D9A4C094-013A-4F90-9571-880FA33CC9E2}"
EndProject
Global
	GlobalSection(SolutionConfigurationPlatforms) = preSolution
		Debug|Any CPU = Debug|Any CPU
		Release|Any CPU = Release|Any CPU
	EndGlobalSection
	GlobalSection(SolutionProperties) = preSolution
		HideSolutionNode = FALSE
	EndGlobalSection
	GlobalSection(ProjectConfigurationPlatforms) = postSolution
		{34B323D4-5CDE-4761-B036-C726F824B95E}.Debug|Any CPU.ActiveCfg = Debug|Any CPU
		{34B323D4-5CDE-4761-B036-C726F824B95E}.Debug|Any CPU.Build.0 = Debug|Any CPU
		{34B323D4-5CDE-4761-B036-C726F824B95E}.Release|Any CPU.ActiveCfg = Release|Any CPU
		{34B323D4-5CDE-4761-B036-C726F824B95E}.Release|Any CPU.Build.0 = Release|Any CPU
		{E446B83D-8E62-40D9-BCA9-DE8ADB0178BD}.Debug|Any CPU.ActiveCfg = Debug|Any CPU
		{E446B83D-8E62-40D9-BCA9-DE8ADB0178BD}.Debug|Any CPU.Build.0 = Debug|Any CPU
		{E446B83D-8E62-40D9-BCA9-DE8ADB0178BD}.Release|Any CPU.ActiveCfg = Release|Any CPU
		{E446B83D-8E62-40D9-BCA9-DE8ADB0178BD}.Release|Any CPU.Build.0 = Release|Any CPU
		{D9A4C094-013A-4F90-9571-880FA33CC9E2}.Debug|Any CPU.ActiveCfg = Debug|Any CPU
		{D9A4C094-013A-4F90-9571-880FA33CC9E2}.Debug|Any CPU.Build.0 = Debug|Any CPU
		{D9A4C094-013A-4F90-9571-880FA33CC9E2}.Release|Any CPU.ActiveCfg = Release|Any CPU
		{D9A4C094-013A-4F90-9571-880FA33CC9E2}.Release|Any CPU.Build.0 = Release|Any CPU
	EndGlobalSection
	GlobalSection(NestedProjects) = preSolution
		{34B323D4-5CDE-4761-B036-C726F824B95E} = {1F9F4560-CA0F-477A-B8F6-AA8072ADA27C}
		{E446B83D-8E62-40D9-BCA9-DE8ADB0178BD} = {1F9F4560-CA0F-477A-B8F6-AA8072ADA27C}
		{D9A4C094-013A-4F90-9571-880FA33CC9E2} = {1F9F4560-CA0F-477A-B8F6-AA8072ADA27C}
	EndGlobalSection
EndGlobal
